
Microsoft Visual Studio Solution File, Format Version 10.00
# Visual C++ Express 2008
Project("{8BC9CEB8-8B4A-11D0-8D11-00A0C91BC942}") = "cwpsieve-cuda", "pps\ppsieve-cuda.vcproj", "{5970FA71-0711-47BE-A72A-45C61FB4FB12}"
EndProject
Global
	GlobalSection(SolutionConfigurationPlatforms) = preSolution
		CWPS-BOINC-Release|Win32 = CWPS-BOINC-Release|Win32
		CWPS-Release|Win32 = CWPS-Release|Win32
	EndGlobalSection
	GlobalSection(ProjectConfigurationPlatforms) = postSolution
		{5970FA71-0711-47BE-A72A-45C61FB4FB12}.CWPS-BOINC-Release|Win32.ActiveCfg = TPS-BOINC-Release|Win32
		{5970FA71-0711-47BE-A72A-45C61FB4FB12}.CWPS-BOINC-Release|Win32.Build.0 = TPS-BOINC-Release|Win32
		{5970FA71-0711-47BE-A72A-45C61FB4FB12}.CWPS-Release|Win32.ActiveCfg = TPS-Release|Win32
		{5970FA71-0711-47BE-A72A-45C61FB4FB12}.CWPS-Release|Win32.Build.0 = TPS-Release|Win32
	EndGlobalSection
	GlobalSection(SolutionProperties) = preSolution
		HideSolutionNode = FALSE
	EndGlobalSection
EndGlobal
